
Microsoft Visual Studio Solution File, Format Version 12.00
# Visual Studio 15
VisualStudioVersion = 15.0.28307.271
MinimumVisualStudioVersion = 10.0.40219.1
Project("{FAE04EC0-301F-11D3-BF4B-00C04F79EFBC}") = "CommentAnalyzer", "CommentAnalyzer\CommentAnalyzer\CommentAnalyzer.csproj", "{7A78AD98-605C-472C-8DA7-9EAF2E738707}"
EndProject
Project("{FAE04EC0-301F-11D3-BF4B-00C04F79EFBC}") = "CommentAnalyzer.Test", "CommentAnalyzer\CommentAnalyzer.Test\CommentAnalyzer.Test.csproj", "{CE1F50A2-44DF-43D5-9D26-670754065C6F}"
EndProject
Project("{FAE04EC0-301F-11D3-BF4B-00C04F79EFBC}") = "CommentAnalyzer.Vsix", "CommentAnalyzer\CommentAnalyzer.Vsix\CommentAnalyzer.Vsix.csproj", "{4B6E9DF0-4D8B-46B8-9640-09EB552E97DF}"
EndProject
Global
	GlobalSection(SolutionConfigurationPlatforms) = preSolution
		Debug|Any CPU = Debug|Any CPU
		Release|Any CPU = Release|Any CPU
	EndGlobalSection
	GlobalSection(ProjectConfigurationPlatforms) = postSolution
		{7A78AD98-605C-472C-8DA7-9EAF2E738707}.Debug|Any CPU.ActiveCfg = Debug|Any CPU
		{7A78AD98-605C-472C-8DA7-9EAF2E738707}.Debug|Any CPU.Build.0 = Debug|Any CPU
		{7A78AD98-605C-472C-8DA7-9EAF2E738707}.Release|Any CPU.ActiveCfg = Release|Any CPU
		{7A78AD98-605C-472C-8DA7-9EAF2E738707}.Release|Any CPU.Build.0 = Release|Any CPU
		{CE1F50A2-44DF-43D5-9D26-670754065C6F}.Debug|Any CPU.ActiveCfg = Debug|Any CPU
		{CE1F50A2-44DF-43D5-9D26-670754065C6F}.Debug|Any CPU.Build.0 = Debug|Any CPU
		{CE1F50A2-44DF-43D5-9D26-670754065C6F}.Release|Any CPU.ActiveCfg = Release|Any CPU
		{CE1F50A2-44DF-43D5-9D26-670754065C6F}.Release|Any CPU.Build.0 = Release|Any CPU
		{4B6E9DF0-4D8B-46B8-9640-09EB552E97DF}.Debug|Any CPU.ActiveCfg = Debug|Any CPU
		{4B6E9DF0-4D8B-46B8-9640-09EB552E97DF}.Debug|Any CPU.Build.0 = Debug|Any CPU
		{4B6E9DF0-4D8B-46B8-9640-09EB552E97DF}.Release|Any CPU.ActiveCfg = Release|Any CPU
		{4B6E9DF0-4D8B-46B8-9640-09EB552E97DF}.Release|Any CPU.Build.0 = Release|Any CPU
	EndGlobalSection
	GlobalSection(SolutionProperties) = preSolution
		HideSolutionNode = FALSE
	EndGlobalSection
	GlobalSection(ExtensibilityGlobals) = postSolution
		SolutionGuid = {CD86917E-BA90-4A46-BA4D-FC757D611129}
	EndGlobalSection
EndGlobal
